
Microsoft Visual Studio Solution File, Format Version 12.00
# Visual Studio Version 17
VisualStudioVersion = 17.2.32630.192
MinimumVisualStudioVersion = 10.0.40219.1
Project("{FAE04EC0-301F-11D3-BF4B-00C04F79EFBC}") = "DepartmentStock", "DepartmentStock\DepartmentStock.csproj", "{04494164-2E5D-4AF9-A400-A964E43F49F7}"
EndProject
Global
	GlobalSection(SolutionConfigurationPlatforms) = preSolution
		Debug|Any CPU = Debug|Any CPU
		Release|Any CPU = Release|Any CPU
	EndGlobalSection
	GlobalSection(ProjectConfigurationPlatforms) = postSolution
		{04494164-2E5D-4AF9-A400-A964E43F49F7}.Debug|Any CPU.ActiveCfg = Debug|Any CPU
		{04494164-2E5D-4AF9-A400-A964E43F49F7}.Debug|Any CPU.Build.0 = Debug|Any CPU
		{04494164-2E5D-4AF9-A400-A964E43F49F7}.Release|Any CPU.ActiveCfg = Release|Any CPU
		{04494164-2E5D-4AF9-A400-A964E43F49F7}.Release|Any CPU.Build.0 = Release|Any CPU
	EndGlobalSection
	GlobalSection(SolutionProperties) = preSolution
		HideSolutionNode = FALSE
	EndGlobalSection
	GlobalSection(ExtensibilityGlobals) = postSolution
		SolutionGuid = {935831FE-B019-4E53-A127-60173C5C6F64}
	EndGlobalSection
EndGlobal
